// !$*UTF8*$!
{
	archiveVersion = 1;
	classes = {
	};
	objectVersion = 56;
	objects = {

/* Begin PBXBuildFile section */
		01D73A9C2A892CA900993564 /* AppDelegate.swift in Sources */ = {isa = PBXBuildFile; fileRef = 01D73A9B2A892CA900993564 /* AppDelegate.swift */; };
		01D73A9E2A892CA900993564 /* SceneDelegate.swift in Sources */ = {isa = PBXBuildFile; fileRef = 01D73A9D2A892CA900993564 /* SceneDelegate.swift */; };
		01D73AA02A892CA900993564 /* LoginVC.swift in Sources */ = {isa = PBXBuildFile; fileRef = 01D73A9F2A892CA900993564 /* LoginVC.swift */; };
		01D73AA32A892CA900993564 /* Main.storyboard in Resources */ = {isa = PBXBuildFile; fileRef = 01D73AA12A892CA900993564 /* Main.storyboard */; };
		01D73AA52A892CAA00993564 /* Assets.xcassets in Resources */ = {isa = PBXBuildFile; fileRef = 01D73AA42A892CAA00993564 /* Assets.xcassets */; };
		01D73AA82A892CAA00993564 /* LaunchScreen.storyboard in Resources */ = {isa = PBXBuildFile; fileRef = 01D73AA62A892CAA00993564 /* LaunchScreen.storyboard */; };
		01D73AB32A892CAA00993564 /* UITableViewCell_StackView04Tests.swift in Sources */ = {isa = PBXBuildFile; fileRef = 01D73AB22A892CAA00993564 /* UITableViewCell_StackView04Tests.swift */; };
		01D73ABD2A892CAA00993564 /* UITableViewCell_StackView04UITests.swift in Sources */ = {isa = PBXBuildFile; fileRef = 01D73ABC2A892CAA00993564 /* UITableViewCell_StackView04UITests.swift */; };
		01D73ABF2A892CAA00993564 /* UITableViewCell_StackView04UITestsLaunchTests.swift in Sources */ = {isa = PBXBuildFile; fileRef = 01D73ABE2A892CAA00993564 /* UITableViewCell_StackView04UITestsLaunchTests.swift */; };
		01D73ACC2A89308A00993564 /* Utilities.swift in Sources */ = {isa = PBXBuildFile; fileRef = 01D73ACB2A89308900993564 /* Utilities.swift */; };
		01D73ACE2A8930C600993564 /* RequestStore.swift in Sources */ = {isa = PBXBuildFile; fileRef = 01D73ACD2A8930C600993564 /* RequestStore.swift */; };
		01D73AD02A8933A400993564 /* RinconVC.swift in Sources */ = {isa = PBXBuildFile; fileRef = 01D73ACF2A8933A400993564 /* RinconVC.swift */; };
		01D73AD22A89364600993564 /* ImageStore.swift in Sources */ = {isa = PBXBuildFile; fileRef = 01D73AD12A89364600993564 /* ImageStore.swift */; };
		01D73AD42A89366500993564 /* Rincon.swift in Sources */ = {isa = PBXBuildFile; fileRef = 01D73AD32A89366500993564 /* Rincon.swift */; };
		01D73AD62A893D9A00993564 /* Post.swift in Sources */ = {isa = PBXBuildFile; fileRef = 01D73AD52A893D9A00993564 /* Post.swift */; };
		01D73AD82A8944B100993564 /* PostCell.swift in Sources */ = {isa = PBXBuildFile; fileRef = 01D73AD72A8944B100993564 /* PostCell.swift */; };
/* End PBXBuildFile section */

/* Begin PBXContainerItemProxy section */
		01D73AAF2A892CAA00993564 /* PBXContainerItemProxy */ = {
			isa = PBXContainerItemProxy;
			containerPortal = 01D73A902A892CA900993564 /* Project object */;
			proxyType = 1;
			remoteGlobalIDString = 01D73A972A892CA900993564;
			remoteInfo = "UITableViewCell-StackView04";
		};
		01D73AB92A892CAA00993564 /* PBXContainerItemProxy */ = {
			isa = PBXContainerItemProxy;
			containerPortal = 01D73A902A892CA900993564 /* Project object */;
			proxyType = 1;
			remoteGlobalIDString = 01D73A972A892CA900993564;
			remoteInfo = "UITableViewCell-StackView04";
		};
/* End PBXContainerItemProxy section */

/* Begin PBXFileReference section */
		01D73A982A892CA900993564 /* UITableViewCell-StackView04.app */ = {isa = PBXFileReference; explicitFileType = wrapper.application; includeInIndex = 0; path = "UITableViewCell-StackView04.app"; sourceTree = BUILT_PRODUCTS_DIR; };
		01D73A9B2A892CA900993564 /* AppDelegate.swift */ = {isa = PBXFileReference; lastKnownFileType = sourcecode.swift; path = AppDelegate.swift; sourceTree = "<group>"; };
		01D73A9D2A892CA900993564 /* SceneDelegate.swift */ = {isa = PBXFileReference; lastKnownFileType = sourcecode.swift; path = SceneDelegate.swift; sourceTree = "<group>"; };
		01D73A9F2A892CA900993564 /* LoginVC.swift */ = {isa = PBXFileReference; lastKnownFileType = sourcecode.swift; path = LoginVC.swift; sourceTree = "<group>"; };
		01D73AA22A892CA900993564 /* Base */ = {isa = PBXFileReference; lastKnownFileType = file.storyboard; name = Base; path = Base.lproj/Main.storyboard; sourceTree = "<group>"; };
		01D73AA42A892CAA00993564 /* Assets.xcassets */ = {isa = PBXFileReference; lastKnownFileType = folder.assetcatalog; path = Assets.xcassets; sourceTree = "<group>"; };
		01D73AA72A892CAA00993564 /* Base */ = {isa = PBXFileReference; lastKnownFileType = file.storyboard; name = Base; path = Base.lproj/LaunchScreen.storyboard; sourceTree = "<group>"; };
		01D73AA92A892CAA00993564 /* Info.plist */ = {isa = PBXFileReference; lastKnownFileType = text.plist.xml; path = Info.plist; sourceTree = "<group>"; };
		01D73AAE2A892CAA00993564 /* UITableViewCell-StackView04Tests.xctest */ = {isa = PBXFileReference; explicitFileType = wrapper.cfbundle; includeInIndex = 0; path = "UITableViewCell-StackView04Tests.xctest"; sourceTree = BUILT_PRODUCTS_DIR; };
		01D73AB22A892CAA00993564 /* UITableViewCell_StackView04Tests.swift */ = {isa = PBXFileReference; lastKnownFileType = sourcecode.swift; path = UITableViewCell_StackView04Tests.swift; sourceTree = "<group>"; };
		01D73AB82A892CAA00993564 /* UITableViewCell-StackView04UITests.xctest */ = {isa = PBXFileReference; explicitFileType = wrapper.cfbundle; includeInIndex = 0; path = "UITableViewCell-StackView04UITests.xctest"; sourceTree = BUILT_PRODUCTS_DIR; };
		01D73ABC2A892CAA00993564 /* UITableViewCell_StackView04UITests.swift */ = {isa = PBXFileReference; lastKnownFileType = sourcecode.swift; path = UITableViewCell_StackView04UITests.swift; sourceTree = "<group>"; };
		01D73ABE2A892CAA00993564 /* UITableViewCell_StackView04UITestsLaunchTests.swift */ = {isa = PBXFileReference; lastKnownFileType = sourcecode.swift; path = UITableViewCell_StackView04UITestsLaunchTests.swift; sourceTree = "<group>"; };
		01D73ACB2A89308900993564 /* Utilities.swift */ = {isa = PBXFileReference; lastKnownFileType = sourcecode.swift; path = Utilities.swift; sourceTree = "<group>"; };
		01D73ACD2A8930C600993564 /* RequestStore.swift */ = {isa = PBXFileReference; lastKnownFileType = sourcecode.swift; path = RequestStore.swift; sourceTree = "<group>"; };
		01D73ACF2A8933A400993564 /* RinconVC.swift */ = {isa = PBXFileReference; lastKnownFileType = sourcecode.swift; path = RinconVC.swift; sourceTree = "<group>"; };
		01D73AD12A89364600993564 /* ImageStore.swift */ = {isa = PBXFileReference; lastKnownFileType = sourcecode.swift; path = ImageStore.swift; sourceTree = "<group>"; };
		01D73AD32A89366500993564 /* Rincon.swift */ = {isa = PBXFileReference; lastKnownFileType = sourcecode.swift; path = Rincon.swift; sourceTree = "<group>"; };
		01D73AD52A893D9A00993564 /* Post.swift */ = {isa = PBXFileReference; lastKnownFileType = sourcecode.swift; path = Post.swift; sourceTree = "<group>"; };
		01D73AD72A8944B100993564 /* PostCell.swift */ = {isa = PBXFileReference; lastKnownFileType = sourcecode.swift; path = PostCell.swift; sourceTree = "<group>"; };
/* End PBXFileReference section */

/* Begin PBXFrameworksBuildPhase section */
		01D73A952A892CA900993564 /* Frameworks */ = {
			isa = PBXFrameworksBuildPhase;
			buildActionMask = 2147483647;
			files = (
			);
			runOnlyForDeploymentPostprocessing = 0;
		};
		01D73AAB2A892CAA00993564 /* Frameworks */ = {
			isa = PBXFrameworksBuildPhase;
			buildActionMask = 2147483647;
			files = (
			);
			runOnlyForDeploymentPostprocessing = 0;
		};
		01D73AB52A892CAA00993564 /* Frameworks */ = {
			isa = PBXFrameworksBuildPhase;
			buildActionMask = 2147483647;
			files = (
			);
			runOnlyForDeploymentPostprocessing = 0;
		};
/* End PBXFrameworksBuildPhase section */

/* Begin PBXGroup section */
		01D73A8F2A892CA900993564 = {
			isa = PBXGroup;
			children = (
				01D73A9A2A892CA900993564 /* UITableViewCell-StackView04 */,
				01D73AB12A892CAA00993564 /* UITableViewCell-StackView04Tests */,
				01D73ABB2A892CAA00993564 /* UITableViewCell-StackView04UITests */,
				01D73A992A892CA900993564 /* Products */,
			);
			sourceTree = "<group>";
		};
		01D73A992A892CA900993564 /* Products */ = {
			isa = PBXGroup;
			children = (
				01D73A982A892CA900993564 /* UITableViewCell-StackView04.app */,
				01D73AAE2A892CAA00993564 /* UITableViewCell-StackView04Tests.xctest */,
				01D73AB82A892CAA00993564 /* UITableViewCell-StackView04UITests.xctest */,
			);
			name = Products;
			sourceTree = "<group>";
		};
		01D73A9A2A892CA900993564 /* UITableViewCell-StackView04 */ = {
			isa = PBXGroup;
			children = (
				01D73A9B2A892CA900993564 /* AppDelegate.swift */,
				01D73A9D2A892CA900993564 /* SceneDelegate.swift */,
				01D73AD12A89364600993564 /* ImageStore.swift */,
				01D73AD32A89366500993564 /* Rincon.swift */,
				01D73A9F2A892CA900993564 /* LoginVC.swift */,
				01D73ACF2A8933A400993564 /* RinconVC.swift */,
				01D73AD72A8944B100993564 /* PostCell.swift */,
				01D73ACD2A8930C600993564 /* RequestStore.swift */,
				01D73AD52A893D9A00993564 /* Post.swift */,
				01D73ACB2A89308900993564 /* Utilities.swift */,
				01D73AA12A892CA900993564 /* Main.storyboard */,
				01D73AA42A892CAA00993564 /* Assets.xcassets */,
				01D73AA62A892CAA00993564 /* LaunchScreen.storyboard */,
				01D73AA92A892CAA00993564 /* Info.plist */,
			);
			path = "UITableViewCell-StackView04";
			sourceTree = "<group>";
		};
		01D73AB12A892CAA00993564 /* UITableViewCell-StackView04Tests */ = {
			isa = PBXGroup;
			children = (
				01D73AB22A892CAA00993564 /* UITableViewCell_StackView04Tests.swift */,
			);
			path = "UITableViewCell-StackView04Tests";
			sourceTree = "<group>";
		};
		01D73ABB2A892CAA00993564 /* UITableViewCell-StackView04UITests */ = {
			isa = PBXGroup;
			children = (
				01D73ABC2A892CAA00993564 /* UITableViewCell_StackView04UITests.swift */,
				01D73ABE2A892CAA00993564 /* UITableViewCell_StackView04UITestsLaunchTests.swift */,
			);
			path = "UITableViewCell-StackView04UITests";
			sourceTree = "<group>";
		};
/* End PBXGroup section */

/* Begin PBXNativeTarget section */
		01D73A972A892CA900993564 /* UITableViewCell-StackView04 */ = {
			isa = PBXNativeTarget;
			buildConfigurationList = 01D73AC22A892CAA00993564 /* Build configuration list for PBXNativeTarget "UITableViewCell-StackView04" */;
			buildPhases = (
				01D73A942A892CA900993564 /* Sources */,
				01D73A952A892CA900993564 /* Frameworks */,
				01D73A962A892CA900993564 /* Resources */,
			);
			buildRules = (
			);
			dependencies = (
			);
			name = "UITableViewCell-StackView04";
			productName = "UITableViewCell-StackView04";
			productReference = 01D73A982A892CA900993564 /* UITableViewCell-StackView04.app */;
			productType = "com.apple.product-type.application";
		};
		01D73AAD2A892CAA00993564 /* UITableViewCell-StackView04Tests */ = {
			isa = PBXNativeTarget;
			buildConfigurationList = 01D73AC52A892CAA00993564 /* Build configuration list for PBXNativeTarget "UITableViewCell-StackView04Tests" */;
			buildPhases = (
				01D73AAA2A892CAA00993564 /* Sources */,
				01D73AAB2A892CAA00993564 /* Frameworks */,
				01D73AAC2A892CAA00993564 /* Resources */,
			);
			buildRules = (
			);
			dependencies = (
				01D73AB02A892CAA00993564 /* PBXTargetDependency */,
			);
			name = "UITableViewCell-StackView04Tests";
			productName = "UITableViewCell-StackView04Tests";
			productReference = 01D73AAE2A892CAA00993564 /* UITableViewCell-StackView04Tests.xctest */;
			productType = "com.apple.product-type.bundle.unit-test";
		};
		01D73AB72A892CAA00993564 /* UITableViewCell-StackView04UITests */ = {
			isa = PBXNativeTarget;
			buildConfigurationList = 01D73AC82A892CAA00993564 /* Build configuration list for PBXNativeTarget "UITableViewCell-StackView04UITests" */;
			buildPhases = (
				01D73AB42A892CAA00993564 /* Sources */,
				01D73AB52A892CAA00993564 /* Frameworks */,
				01D73AB62A892CAA00993564 /* Resources */,
			);
			buildRules = (
			);
			dependencies = (
				01D73ABA2A892CAA00993564 /* PBXTargetDependency */,
			);
			name = "UITableViewCell-StackView04UITests";
			productName = "UITableViewCell-StackView04UITests";
			productReference = 01D73AB82A892CAA00993564 /* UITableViewCell-StackView04UITests.xctest */;
			productType = "com.apple.product-type.bundle.ui-testing";
		};
/* End PBXNativeTarget section */

/* Begin PBXProject section */
		01D73A902A892CA900993564 /* Project object */ = {
			isa = PBXProject;
			attributes = {
				BuildIndependentTargetsInParallel = 1;
				LastSwiftUpdateCheck = 1430;
				LastUpgradeCheck = 1430;
				TargetAttributes = {
					01D73A972A892CA900993564 = {
						CreatedOnToolsVersion = 14.3.1;
					};
					01D73AAD2A892CAA00993564 = {
						CreatedOnToolsVersion = 14.3.1;
						TestTargetID = 01D73A972A892CA900993564;
					};
					01D73AB72A892CAA00993564 = {
						CreatedOnToolsVersion = 14.3.1;
						TestTargetID = 01D73A972A892CA900993564;
					};
				};
			};
			buildConfigurationList = 01D73A932A892CA900993564 /* Build configuration list for PBXProject "UITableViewCell-StackView04" */;
			compatibilityVersion = "Xcode 14.0";
			developmentRegion = en;
			hasScannedForEncodings = 0;
			knownRegions = (
				en,
				Base,
			);
			mainGroup = 01D73A8F2A892CA900993564;
			productRefGroup = 01D73A992A892CA900993564 /* Products */;
			projectDirPath = "";
			projectRoot = "";
			targets = (
				01D73A972A892CA900993564 /* UITableViewCell-StackView04 */,
				01D73AAD2A892CAA00993564 /* UITableViewCell-StackView04Tests */,
				01D73AB72A892CAA00993564 /* UITableViewCell-StackView04UITests */,
			);
		};
/* End PBXProject section */

/* Begin PBXResourcesBuildPhase section */
		01D73A962A892CA900993564 /* Resources */ = {
			isa = PBXResourcesBuildPhase;
			buildActionMask = 2147483647;
			files = (
				01D73AA82A892CAA00993564 /* LaunchScreen.storyboard in Resources */,
				01D73AA52A892CAA00993564 /* Assets.xcassets in Resources */,
				01D73AA32A892CA900993564 /* Main.storyboard in Resources */,
			);
			runOnlyForDeploymentPostprocessing = 0;
		};
		01D73AAC2A892CAA00993564 /* Resources */ = {
			isa = PBXResourcesBuildPhase;
			buildActionMask = 2147483647;
			files = (
			);
			runOnlyForDeploymentPostprocessing = 0;
		};
		01D73AB62A892CAA00993564 /* Resources */ = {
			isa = PBXResourcesBuildPhase;
			buildActionMask = 2147483647;
			files = (
			);
			runOnlyForDeploymentPostprocessing = 0;
		};
/* End PBXResourcesBuildPhase section */

/* Begin PBXSourcesBuildPhase section */
		01D73A942A892CA900993564 /* Sources */ = {
			isa = PBXSourcesBuildPhase;
			buildActionMask = 2147483647;
			files = (
				01D73AD42A89366500993564 /* Rincon.swift in Sources */,
				01D73AA02A892CA900993564 /* LoginVC.swift in Sources */,
				01D73A9C2A892CA900993564 /* AppDelegate.swift in Sources */,
				01D73ACE2A8930C600993564 /* RequestStore.swift in Sources */,
				01D73AD02A8933A400993564 /* RinconVC.swift in Sources */,
				01D73ACC2A89308A00993564 /* Utilities.swift in Sources */,
				01D73AD62A893D9A00993564 /* Post.swift in Sources */,
				01D73AD22A89364600993564 /* ImageStore.swift in Sources */,
				01D73A9E2A892CA900993564 /* SceneDelegate.swift in Sources */,
				01D73AD82A8944B100993564 /* PostCell.swift in Sources */,
			);
			runOnlyForDeploymentPostprocessing = 0;
		};
		01D73AAA2A892CAA00993564 /* Sources */ = {
			isa = PBXSourcesBuildPhase;
			buildActionMask = 2147483647;
			files = (
				01D73AB32A892CAA00993564 /* UITableViewCell_StackView04Tests.swift in Sources */,
			);
			runOnlyForDeploymentPostprocessing = 0;
		};
		01D73AB42A892CAA00993564 /* Sources */ = {
			isa = PBXSourcesBuildPhase;
			buildActionMask = 2147483647;
			files = (
				01D73ABF2A892CAA00993564 /* UITableViewCell_StackView04UITestsLaunchTests.swift in Sources */,
				01D73ABD2A892CAA00993564 /* UITableViewCell_StackView04UITests.swift in Sources */,
			);
			runOnlyForDeploymentPostprocessing = 0;
		};
/* End PBXSourcesBuildPhase section */

/* Begin PBXTargetDependency section */
		01D73AB02A892CAA00993564 /* PBXTargetDependency */ = {
			isa = PBXTargetDependency;
			target = 01D73A972A892CA900993564 /* UITableViewCell-StackView04 */;
			targetProxy = 01D73AAF2A892CAA00993564 /* PBXContainerItemProxy */;
		};
		01D73ABA2A892CAA00993564 /* PBXTargetDependency */ = {
			isa = PBXTargetDependency;
			target = 01D73A972A892CA900993564 /* UITableViewCell-StackView04 */;
			targetProxy = 01D73AB92A892CAA00993564 /* PBXContainerItemProxy */;
		};
/* End PBXTargetDependency section */

/* Begin PBXVariantGroup section */
		01D73AA12A892CA900993564 /* Main.storyboard */ = {
			isa = PBXVariantGroup;
			children = (
				01D73AA22A892CA900993564 /* Base */,
			);
			name = Main.storyboard;
			sourceTree = "<group>";
		};
		01D73AA62A892CAA00993564 /* LaunchScreen.storyboard */ = {
			isa = PBXVariantGroup;
			children = (
				01D73AA72A892CAA00993564 /* Base */,
			);
			name = LaunchScreen.storyboard;
			sourceTree = "<group>";
		};
/* End PBXVariantGroup section */

/* Begin XCBuildConfiguration section */
		01D73AC02A892CAA00993564 /* Debug */ = {
			isa = XCBuildConfiguration;
			buildSettings = {
				ALWAYS_SEARCH_USER_PATHS = NO;
				CLANG_ANALYZER_NONNULL = YES;
				CLANG_ANALYZER_NUMBER_OBJECT_CONVERSION = YES_AGGRESSIVE;
				CLANG_CXX_LANGUAGE_STANDARD = "gnu++20";
				CLANG_ENABLE_MODULES = YES;
				CLANG_ENABLE_OBJC_ARC = YES;
				CLANG_ENABLE_OBJC_WEAK = YES;
				CLANG_WARN_BLOCK_CAPTURE_AUTORELEASING = YES;
				CLANG_WARN_BOOL_CONVERSION = YES;
				CLANG_WARN_COMMA = YES;
				CLANG_WARN_CONSTANT_CONVERSION = YES;
				CLANG_WARN_DEPRECATED_OBJC_IMPLEMENTATIONS = YES;
				CLANG_WARN_DIRECT_OBJC_ISA_USAGE = YES_ERROR;
				CLANG_WARN_DOCUMENTATION_COMMENTS = YES;
				CLANG_WARN_EMPTY_BODY = YES;
				CLANG_WARN_ENUM_CONVERSION = YES;
				CLANG_WARN_INFINITE_RECURSION = YES;
				CLANG_WARN_INT_CONVERSION = YES;
				CLANG_WARN_NON_LITERAL_NULL_CONVERSION = YES;
				CLANG_WARN_OBJC_IMPLICIT_RETAIN_SELF = YES;
				CLANG_WARN_OBJC_LITERAL_CONVERSION = YES;
				CLANG_WARN_OBJC_ROOT_CLASS = YES_ERROR;
				CLANG_WARN_QUOTED_INCLUDE_IN_FRAMEWORK_HEADER = YES;
				CLANG_WARN_RANGE_LOOP_ANALYSIS = YES;
				CLANG_WARN_STRICT_PROTOTYPES = YES;
				CLANG_WARN_SUSPICIOUS_MOVE = YES;
				CLANG_WARN_UNGUARDED_AVAILABILITY = YES_AGGRESSIVE;
				CLANG_WARN_UNREACHABLE_CODE = YES;
				CLANG_WARN__DUPLICATE_METHOD_MATCH = YES;
				COPY_PHASE_STRIP = NO;
				DEBUG_INFORMATION_FORMAT = dwarf;
				ENABLE_STRICT_OBJC_MSGSEND = YES;
				ENABLE_TESTABILITY = YES;
				GCC_C_LANGUAGE_STANDARD = gnu11;
				GCC_DYNAMIC_NO_PIC = NO;
				GCC_NO_COMMON_BLOCKS = YES;
				GCC_OPTIMIZATION_LEVEL = 0;
				GCC_PREPROCESSOR_DEFINITIONS = (
					"DEBUG=1",
					"$(inherited)",
				);
				GCC_WARN_64_TO_32_BIT_CONVERSION = YES;
				GCC_WARN_ABOUT_RETURN_TYPE = YES_ERROR;
				GCC_WARN_UNDECLARED_SELECTOR = YES;
				GCC_WARN_UNINITIALIZED_AUTOS = YES_AGGRESSIVE;
				GCC_WARN_UNUSED_FUNCTION = YES;
				GCC_WARN_UNUSED_VARIABLE = YES;
				IPHONEOS_DEPLOYMENT_TARGET = 16.4;
				MTL_ENABLE_DEBUG_INFO = INCLUDE_SOURCE;
				MTL_FAST_MATH = YES;
				ONLY_ACTIVE_ARCH = YES;
				SDKROOT = iphoneos;
				SWIFT_ACTIVE_COMPILATION_CONDITIONS = DEBUG;
				SWIFT_OPTIMIZATION_LEVEL = "-Onone";
			};
			name = Debug;
		};
		01D73AC12A892CAA00993564 /* Release */ = {
			isa = XCBuildConfiguration;
			buildSettings = {
				ALWAYS_SEARCH_USER_PATHS = NO;
				CLANG_ANALYZER_NONNULL = YES;
				CLANG_ANALYZER_NUMBER_OBJECT_CONVERSION = YES_AGGRESSIVE;
				CLANG_CXX_LANGUAGE_STANDARD = "gnu++20";
				CLANG_ENABLE_MODULES = YES;
				CLANG_ENABLE_OBJC_ARC = YES;
				CLANG_ENABLE_OBJC_WEAK = YES;
				CLANG_WARN_BLOCK_CAPTURE_AUTORELEASING = YES;
				CLANG_WARN_BOOL_CONVERSION = YES;
				CLANG_WARN_COMMA = YES;
				CLANG_WARN_CONSTANT_CONVERSION = YES;
				CLANG_WARN_DEPRECATED_OBJC_IMPLEMENTATIONS = YES;
				CLANG_WARN_DIRECT_OBJC_ISA_USAGE = YES_ERROR;
				CLANG_WARN_DOCUMENTATION_COMMENTS = YES;
				CLANG_WARN_EMPTY_BODY = YES;
				CLANG_WARN_ENUM_CONVERSION = YES;
				CLANG_WARN_INFINITE_RECURSION = YES;
				CLANG_WARN_INT_CONVERSION = YES;
				CLANG_WARN_NON_LITERAL_NULL_CONVERSION = YES;
				CLANG_WARN_OBJC_IMPLICIT_RETAIN_SELF = YES;
				CLANG_WARN_OBJC_LITERAL_CONVERSION = YES;
				CLANG_WARN_OBJC_ROOT_CLASS = YES_ERROR;
				CLANG_WARN_QUOTED_INCLUDE_IN_FRAMEWORK_HEADER = YES;
				CLANG_WARN_RANGE_LOOP_ANALYSIS = YES;
				CLANG_WARN_STRICT_PROTOTYPES = YES;
				CLANG_WARN_SUSPICIOUS_MOVE = YES;
				CLANG_WARN_UNGUARDED_AVAILABILITY = YES_AGGRESSIVE;
				CLANG_WARN_UNREACHABLE_CODE = YES;
				CLANG_WARN__DUPLICATE_METHOD_MATCH = YES;
				COPY_PHASE_STRIP = NO;
				DEBUG_INFORMATION_FORMAT = "dwarf-with-dsym";
				ENABLE_NS_ASSERTIONS = NO;
				ENABLE_STRICT_OBJC_MSGSEND = YES;
				GCC_C_LANGUAGE_STANDARD = gnu11;
				GCC_NO_COMMON_BLOCKS = YES;
				GCC_WARN_64_TO_32_BIT_CONVERSION = YES;
				GCC_WARN_ABOUT_RETURN_TYPE = YES_ERROR;
				GCC_WARN_UNDECLARED_SELECTOR = YES;
				GCC_WARN_UNINITIALIZED_AUTOS = YES_AGGRESSIVE;
				GCC_WARN_UNUSED_FUNCTION = YES;
				GCC_WARN_UNUSED_VARIABLE = YES;
				IPHONEOS_DEPLOYMENT_TARGET = 16.4;
				MTL_ENABLE_DEBUG_INFO = NO;
				MTL_FAST_MATH = YES;
				SDKROOT = iphoneos;
				SWIFT_COMPILATION_MODE = wholemodule;
				SWIFT_OPTIMIZATION_LEVEL = "-O";
				VALIDATE_PRODUCT = YES;
			};
			name = Release;
		};
		01D73AC32A892CAA00993564 /* Debug */ = {
			isa = XCBuildConfiguration;
			buildSettings = {
				ASSETCATALOG_COMPILER_APPICON_NAME = AppIcon;
				ASSETCATALOG_COMPILER_GLOBAL_ACCENT_COLOR_NAME = AccentColor;
				CODE_SIGN_STYLE = Automatic;
				CURRENT_PROJECT_VERSION = 1;
				DEVELOPMENT_TEAM = GL5QL25H5M;
				GENERATE_INFOPLIST_FILE = YES;
				INFOPLIST_FILE = "UITableViewCell-StackView04/Info.plist";
				INFOPLIST_KEY_UIApplicationSupportsIndirectInputEvents = YES;
				INFOPLIST_KEY_UILaunchStoryboardName = LaunchScreen;
				INFOPLIST_KEY_UIMainStoryboardFile = Main;
				INFOPLIST_KEY_UISupportedInterfaceOrientations_iPad = "UIInterfaceOrientationPortrait UIInterfaceOrientationPortraitUpsideDown UIInterfaceOrientationLandscapeLeft UIInterfaceOrientationLandscapeRight";
				INFOPLIST_KEY_UISupportedInterfaceOrientations_iPhone = "UIInterfaceOrientationPortrait UIInterfaceOrientationLandscapeLeft UIInterfaceOrientationLandscapeRight";
				LD_RUNPATH_SEARCH_PATHS = (
					"$(inherited)",
					"@executable_path/Frameworks",
				);
				MARKETING_VERSION = 1.0;
				PRODUCT_BUNDLE_IDENTIFIER = "com.iamnick.info.UITableViewCell-StackView04";
				PRODUCT_NAME = "$(TARGET_NAME)";
				SWIFT_EMIT_LOC_STRINGS = YES;
				SWIFT_VERSION = 5.0;
				TARGETED_DEVICE_FAMILY = "1,2";
			};
			name = Debug;
		};
		01D73AC42A892CAA00993564 /* Release */ = {
			isa = XCBuildConfiguration;
			buildSettings = {
				ASSETCATALOG_COMPILER_APPICON_NAME = AppIcon;
				ASSETCATALOG_COMPILER_GLOBAL_ACCENT_COLOR_NAME = AccentColor;
				CODE_SIGN_STYLE = Automatic;
				CURRENT_PROJECT_VERSION = 1;
				DEVELOPMENT_TEAM = GL5QL25H5M;
				GENERATE_INFOPLIST_FILE = YES;
				INFOPLIST_FILE = "UITableViewCell-StackView04/Info.plist";
				INFOPLIST_KEY_UIApplicationSupportsIndirectInputEvents = YES;
				INFOPLIST_KEY_UILaunchStoryboardName = LaunchScreen;
				INFOPLIST_KEY_UIMainStoryboardFile = Main;
				INFOPLIST_KEY_UISupportedInterfaceOrientations_iPad = "UIInterfaceOrientationPortrait UIInterfaceOrientationPortraitUpsideDown UIInterfaceOrientationLandscapeLeft UIInterfaceOrientationLandscapeRight";
				INFOPLIST_KEY_UISupportedInterfaceOrientations_iPhone = "UIInterfaceOrientationPortrait UIInterfaceOrientationLandscapeLeft UIInterfaceOrientationLandscapeRight";
				LD_RUNPATH_SEARCH_PATHS = (
					"$(inherited)",
					"@executable_path/Frameworks",
				);
				MARKETING_VERSION = 1.0;
				PRODUCT_BUNDLE_IDENTIFIER = "com.iamnick.info.UITableViewCell-StackView04";
				PRODUCT_NAME = "$(TARGET_NAME)";
				SWIFT_EMIT_LOC_STRINGS = YES;
				SWIFT_VERSION = 5.0;
				TARGETED_DEVICE_FAMILY = "1,2";
			};
			name = Release;
		};
		01D73AC62A892CAA00993564 /* Debug */ = {
			isa = XCBuildConfiguration;
			buildSettings = {
				ALWAYS_EMBED_SWIFT_STANDARD_LIBRARIES = YES;
				BUNDLE_LOADER = "$(TEST_HOST)";
				CODE_SIGN_STYLE = Automatic;
				CURRENT_PROJECT_VERSION = 1;
				DEVELOPMENT_TEAM = GL5QL25H5M;
				GENERATE_INFOPLIST_FILE = YES;
				IPHONEOS_DEPLOYMENT_TARGET = 16.4;
				MARKETING_VERSION = 1.0;
				PRODUCT_BUNDLE_IDENTIFIER = "com.iamnick.info.UITableViewCell-StackView04Tests";
				PRODUCT_NAME = "$(TARGET_NAME)";
				SWIFT_EMIT_LOC_STRINGS = NO;
				SWIFT_VERSION = 5.0;
				TARGETED_DEVICE_FAMILY = "1,2";
				TEST_HOST = "$(BUILT_PRODUCTS_DIR)/UITableViewCell-StackView04.app/$(BUNDLE_EXECUTABLE_FOLDER_PATH)/UITableViewCell-StackView04";
			};
			name = Debug;
		};
		01D73AC72A892CAA00993564 /* Release */ = {
			isa = XCBuildConfiguration;
			buildSettings = {
				ALWAYS_EMBED_SWIFT_STANDARD_LIBRARIES = YES;
				BUNDLE_LOADER = "$(TEST_HOST)";
				CODE_SIGN_STYLE = Automatic;
				CURRENT_PROJECT_VERSION = 1;
				DEVELOPMENT_TEAM = GL5QL25H5M;
				GENERATE_INFOPLIST_FILE = YES;
				IPHONEOS_DEPLOYMENT_TARGET = 16.4;
				MARKETING_VERSION = 1.0;
				PRODUCT_BUNDLE_IDENTIFIER = "com.iamnick.info.UITableViewCell-StackView04Tests";
				PRODUCT_NAME = "$(TARGET_NAME)";
				SWIFT_EMIT_LOC_STRINGS = NO;
				SWIFT_VERSION = 5.0;
				TARGETED_DEVICE_FAMILY = "1,2";
				TEST_HOST = "$(BUILT_PRODUCTS_DIR)/UITableViewCell-StackView04.app/$(BUNDLE_EXECUTABLE_FOLDER_PATH)/UITableViewCell-StackView04";
			};
			name = Release;
		};
		01D73AC92A892CAA00993564 /* Debug */ = {
			isa = XCBuildConfiguration;
			buildSettings = {
				ALWAYS_EMBED_SWIFT_STANDARD_LIBRARIES = YES;
				CODE_SIGN_STYLE = Automatic;
				CURRENT_PROJECT_VERSION = 1;
				DEVELOPMENT_TEAM = GL5QL25H5M;
				GENERATE_INFOPLIST_FILE = YES;
				MARKETING_VERSION = 1.0;
				PRODUCT_BUNDLE_IDENTIFIER = "com.iamnick.info.UITableViewCell-StackView04UITests";
				PRODUCT_NAME = "$(TARGET_NAME)";
				SWIFT_EMIT_LOC_STRINGS = NO;
				SWIFT_VERSION = 5.0;
				TARGETED_DEVICE_FAMILY = "1,2";
				TEST_TARGET_NAME = "UITableViewCell-StackView04";
			};
			name = Debug;
		};
		01D73ACA2A892CAA00993564 /* Release */ = {
			isa = XCBuildConfiguration;
			buildSettings = {
				ALWAYS_EMBED_SWIFT_STANDARD_LIBRARIES = YES;
				CODE_SIGN_STYLE = Automatic;
				CURRENT_PROJECT_VERSION = 1;
				DEVELOPMENT_TEAM = GL5QL25H5M;
				GENERATE_INFOPLIST_FILE = YES;
				MARKETING_VERSION = 1.0;
				PRODUCT_BUNDLE_IDENTIFIER = "com.iamnick.info.UITableViewCell-StackView04UITests";
				PRODUCT_NAME = "$(TARGET_NAME)";
				SWIFT_EMIT_LOC_STRINGS = NO;
				SWIFT_VERSION = 5.0;
				TARGETED_DEVICE_FAMILY = "1,2";
				TEST_TARGET_NAME = "UITableViewCell-StackView04";
			};
			name = Release;
		};
/* End XCBuildConfiguration section */

/* Begin XCConfigurationList section */
		01D73A932A892CA900993564 /* Build configuration list for PBXProject "UITableViewCell-StackView04" */ = {
			isa = XCConfigurationList;
			buildConfigurations = (
				01D73AC02A892CAA00993564 /* Debug */,
				01D73AC12A892CAA00993564 /* Release */,
			);
			defaultConfigurationIsVisible = 0;
			defaultConfigurationName = Release;
		};
		01D73AC22A892CAA00993564 /* Build configuration list for PBXNativeTarget "UITableViewCell-StackView04" */ = {
			isa = XCConfigurationList;
			buildConfigurations = (
				01D73AC32A892CAA00993564 /* Debug */,
				01D73AC42A892CAA00993564 /* Release */,
			);
			defaultConfigurationIsVisible = 0;
			defaultConfigurationName = Release;
		};
		01D73AC52A892CAA00993564 /* Build configuration list for PBXNativeTarget "UITableViewCell-StackView04Tests" */ = {
			isa = XCConfigurationList;
			buildConfigurations = (
				01D73AC62A892CAA00993564 /* Debug */,
				01D73AC72A892CAA00993564 /* Release */,
			);
			defaultConfigurationIsVisible = 0;
			defaultConfigurationName = Release;
		};
		01D73AC82A892CAA00993564 /* Build configuration list for PBXNativeTarget "UITableViewCell-StackView04UITests" */ = {
			isa = XCConfigurationList;
			buildConfigurations = (
				01D73AC92A892CAA00993564 /* Debug */,
				01D73ACA2A892CAA00993564 /* Release */,
			);
			defaultConfigurationIsVisible = 0;
			defaultConfigurationName = Release;
		};
/* End XCConfigurationList section */
	};
	rootObject = 01D73A902A892CA900993564 /* Project object */;
}
